
Microsoft Visual Studio Solution File, Format Version 11.00
# Visual Studio 2010
Project("{FAE04EC0-301F-11D3-BF4B-00C04F79EFBC}") = "HelloWorld", "HelloWorld.csproj", "{C05654AC-6191-425D-857F-BB886A2A3E45}"
EndProject
Global
	GlobalSection(SolutionConfigurationPlatforms) = preSolution
		Debug|Any CPU = Debug|Any CPU
		Release|Any CPU = Release|Any CPU
	EndGlobalSection
	GlobalSection(ProjectConfigurationPlatforms) = postSolution
		{C05654AC-6191-425D-857F-BB886A2A3E45}.Debug|Any CPU.ActiveCfg = Debug|Any CPU
		{C05654AC-6191-425D-857F-BB886A2A3E45}.Debug|Any CPU.Build.0 = Debug|Any CPU
		{C05654AC-6191-425D-857F-BB886A2A3E45}.Release|Any CPU.ActiveCfg = Release|Any CPU
		{C05654AC-6191-425D-857F-BB886A2A3E45}.Release|Any CPU.Build.0 = Release|Any CPU
	EndGlobalSection
	GlobalSection(MonoDevelopProperties) = preSolution
		StartupItem = HelloWorld.csproj
	EndGlobalSection
EndGlobal
